
Microsoft Visual Studio Solution File, Format Version 12.00
# Visual Studio Version 16
VisualStudioVersion = 16.0.810.4
MinimumVisualStudioVersion = 10.0.40219.1
Project("{FAE04EC0-301F-11D3-BF4B-00C04F79EFBC}") = "TodoList", "TodoList.csproj", "{9B440025-9F34-4CD7-9559-9F870632900F}"
EndProject
Global
	GlobalSection(SolutionConfigurationPlatforms) = preSolution
		Debug|Any CPU = Debug|Any CPU
		Release|Any CPU = Release|Any CPU
	EndGlobalSection
	GlobalSection(ProjectConfigurationPlatforms) = postSolution
		{9B440025-9F34-4CD7-9559-9F870632900F}.Debug|Any CPU.ActiveCfg = Debug|Any CPU
		{9B440025-9F34-4CD7-9559-9F870632900F}.Debug|Any CPU.Build.0 = Debug|Any CPU
		{9B440025-9F34-4CD7-9559-9F870632900F}.Release|Any CPU.ActiveCfg = Release|Any CPU
		{9B440025-9F34-4CD7-9559-9F870632900F}.Release|Any CPU.Build.0 = Release|Any CPU
	EndGlobalSection
	GlobalSection(SolutionProperties) = preSolution
		HideSolutionNode = FALSE
	EndGlobalSection
	GlobalSection(ExtensibilityGlobals) = postSolution
		SolutionGuid = {3E8C5F01-A91D-4F5C-BEED-AB8C020614E7}
	EndGlobalSection
EndGlobal
